
Microsoft Visual Studio Solution File, Format Version 12.00
Project("{FAE04EC0-301F-11D3-BF4B-00C04F79EFBC}") = "EquipmentRental.Api", "EquipmentRental.Api\EquipmentRental.Api.csproj", "{62BCB9D1-ABB4-4AFD-8268-FEF0FCB6CB26}"
EndProject
Project("{FAE04EC0-301F-11D3-BF4B-00C04F79EFBC}") = "EquipmentRental.Domain", "EquipmentRental.Domain\EquipmentRental.Domain.csproj", "{ECC2BB9F-DA79-44BE-B26A-B0B08D0FC54B}"
EndProject
Project("{FAE04EC0-301F-11D3-BF4B-00C04F79EFBC}") = "EquipmentRental.Common", "EquipmentRental.Common\EquipmentRental.Common.csproj", "{863FFEB1-91B4-4561-B6A8-BF23BDFADD14}"
EndProject
Project("{FAE04EC0-301F-11D3-BF4B-00C04F79EFBC}") = "EquipmentRental.Data", "EquipmentRental.Data\EquipmentRental.Data.csproj", "{A1A5D6C0-AF15-41D9-9854-BBB5B291F3A8}"
EndProject
Project("{FAE04EC0-301F-11D3-BF4B-00C04F79EFBC}") = "EquipmentRental.Services", "EquipmentRental.Services\EquipmentRental.Services.csproj", "{CC93F44D-2B07-4A83-BAC5-0AC1DFDA8DAB}"
EndProject
Project("{FAE04EC0-301F-11D3-BF4B-00C04F79EFBC}") = "EquipmentRental.Application", "EquipmentRental.Application\EquipmentRental.Application.csproj", "{C641EEE4-D7E5-4454-A629-D9F25B600ECC}"
EndProject
Global
	GlobalSection(SolutionConfigurationPlatforms) = preSolution
		Debug|Any CPU = Debug|Any CPU
		Release|Any CPU = Release|Any CPU
	EndGlobalSection
	GlobalSection(ProjectConfigurationPlatforms) = postSolution
		{62BCB9D1-ABB4-4AFD-8268-FEF0FCB6CB26}.Debug|Any CPU.ActiveCfg = Debug|Any CPU
		{62BCB9D1-ABB4-4AFD-8268-FEF0FCB6CB26}.Debug|Any CPU.Build.0 = Debug|Any CPU
		{62BCB9D1-ABB4-4AFD-8268-FEF0FCB6CB26}.Release|Any CPU.ActiveCfg = Release|Any CPU
		{62BCB9D1-ABB4-4AFD-8268-FEF0FCB6CB26}.Release|Any CPU.Build.0 = Release|Any CPU
		{ECC2BB9F-DA79-44BE-B26A-B0B08D0FC54B}.Debug|Any CPU.ActiveCfg = Debug|Any CPU
		{ECC2BB9F-DA79-44BE-B26A-B0B08D0FC54B}.Debug|Any CPU.Build.0 = Debug|Any CPU
		{ECC2BB9F-DA79-44BE-B26A-B0B08D0FC54B}.Release|Any CPU.ActiveCfg = Release|Any CPU
		{ECC2BB9F-DA79-44BE-B26A-B0B08D0FC54B}.Release|Any CPU.Build.0 = Release|Any CPU
		{863FFEB1-91B4-4561-B6A8-BF23BDFADD14}.Debug|Any CPU.ActiveCfg = Debug|Any CPU
		{863FFEB1-91B4-4561-B6A8-BF23BDFADD14}.Debug|Any CPU.Build.0 = Debug|Any CPU
		{863FFEB1-91B4-4561-B6A8-BF23BDFADD14}.Release|Any CPU.ActiveCfg = Release|Any CPU
		{863FFEB1-91B4-4561-B6A8-BF23BDFADD14}.Release|Any CPU.Build.0 = Release|Any CPU
		{A1A5D6C0-AF15-41D9-9854-BBB5B291F3A8}.Debug|Any CPU.ActiveCfg = Debug|Any CPU
		{A1A5D6C0-AF15-41D9-9854-BBB5B291F3A8}.Debug|Any CPU.Build.0 = Debug|Any CPU
		{A1A5D6C0-AF15-41D9-9854-BBB5B291F3A8}.Release|Any CPU.ActiveCfg = Release|Any CPU
		{A1A5D6C0-AF15-41D9-9854-BBB5B291F3A8}.Release|Any CPU.Build.0 = Release|Any CPU
		{CC93F44D-2B07-4A83-BAC5-0AC1DFDA8DAB}.Debug|Any CPU.ActiveCfg = Debug|Any CPU
		{CC93F44D-2B07-4A83-BAC5-0AC1DFDA8DAB}.Debug|Any CPU.Build.0 = Debug|Any CPU
		{CC93F44D-2B07-4A83-BAC5-0AC1DFDA8DAB}.Release|Any CPU.ActiveCfg = Release|Any CPU
		{CC93F44D-2B07-4A83-BAC5-0AC1DFDA8DAB}.Release|Any CPU.Build.0 = Release|Any CPU
		{C641EEE4-D7E5-4454-A629-D9F25B600ECC}.Debug|Any CPU.ActiveCfg = Debug|Any CPU
		{C641EEE4-D7E5-4454-A629-D9F25B600ECC}.Debug|Any CPU.Build.0 = Debug|Any CPU
		{C641EEE4-D7E5-4454-A629-D9F25B600ECC}.Release|Any CPU.ActiveCfg = Release|Any CPU
		{C641EEE4-D7E5-4454-A629-D9F25B600ECC}.Release|Any CPU.Build.0 = Release|Any CPU
	EndGlobalSection
EndGlobal
